
Microsoft Visual Studio Solution File, Format Version 12.00
# Visual Studio Version 17
VisualStudioVersion = 17.8.34330.188
MinimumVisualStudioVersion = 10.0.40219.1
Project("{FAE04EC0-301F-11D3-BF4B-00C04F79EFBC}") = "Tydzien4PracaDomowa1", "Tydzien4PracaDomowa1.csproj", "{BB9E7CCC-97FA-4606-8A82-D87CD2EF0B72}"
EndProject
Global
	GlobalSection(SolutionConfigurationPlatforms) = preSolution
		Debug|Any CPU = Debug|Any CPU
		Release|Any CPU = Release|Any CPU
	EndGlobalSection
	GlobalSection(ProjectConfigurationPlatforms) = postSolution
		{BB9E7CCC-97FA-4606-8A82-D87CD2EF0B72}.Debug|Any CPU.ActiveCfg = Debug|Any CPU
		{BB9E7CCC-97FA-4606-8A82-D87CD2EF0B72}.Debug|Any CPU.Build.0 = Debug|Any CPU
		{BB9E7CCC-97FA-4606-8A82-D87CD2EF0B72}.Release|Any CPU.ActiveCfg = Release|Any CPU
		{BB9E7CCC-97FA-4606-8A82-D87CD2EF0B72}.Release|Any CPU.Build.0 = Release|Any CPU
	EndGlobalSection
	GlobalSection(SolutionProperties) = preSolution
		HideSolutionNode = FALSE
	EndGlobalSection
	GlobalSection(ExtensibilityGlobals) = postSolution
		SolutionGuid = {2AD19B0C-AC00-436F-8108-83B125A6D152}
	EndGlobalSection
EndGlobal
